
Microsoft Visual Studio Solution File, Format Version 12.00
# Visual Studio Version 17
VisualStudioVersion = 17.12.35527.113
MinimumVisualStudioVersion = 10.0.40219.1
Project("{FAE04EC0-301F-11D3-BF4B-00C04F79EFBC}") = "SurfTimer.Api", "SurfTimer.Api.csproj", "{B44F7939-EAF9-43FD-8E90-1CAADB30A5EF}"
EndProject
Project("{FAE04EC0-301F-11D3-BF4B-00C04F79EFBC}") = "SurfTimer.Shared", "..\SurfTimer.Shared\SurfTimer.Shared.csproj", "{53952A4E-DBE3-4681-BF8D-4F1CE958AA7A}"
EndProject
Global
	GlobalSection(SolutionConfigurationPlatforms) = preSolution
		Debug|Any CPU = Debug|Any CPU
		Release|Any CPU = Release|Any CPU
	EndGlobalSection
	GlobalSection(ProjectConfigurationPlatforms) = postSolution
		{B44F7939-EAF9-43FD-8E90-1CAADB30A5EF}.Debug|Any CPU.ActiveCfg = Debug|Any CPU
		{B44F7939-EAF9-43FD-8E90-1CAADB30A5EF}.Debug|Any CPU.Build.0 = Debug|Any CPU
		{B44F7939-EAF9-43FD-8E90-1CAADB30A5EF}.Release|Any CPU.ActiveCfg = Release|Any CPU
		{B44F7939-EAF9-43FD-8E90-1CAADB30A5EF}.Release|Any CPU.Build.0 = Release|Any CPU
		{53952A4E-DBE3-4681-BF8D-4F1CE958AA7A}.Debug|Any CPU.ActiveCfg = Debug|Any CPU
		{53952A4E-DBE3-4681-BF8D-4F1CE958AA7A}.Debug|Any CPU.Build.0 = Debug|Any CPU
		{53952A4E-DBE3-4681-BF8D-4F1CE958AA7A}.Release|Any CPU.ActiveCfg = Release|Any CPU
		{53952A4E-DBE3-4681-BF8D-4F1CE958AA7A}.Release|Any CPU.Build.0 = Release|Any CPU
	EndGlobalSection
	GlobalSection(SolutionProperties) = preSolution
		HideSolutionNode = FALSE
	EndGlobalSection
	GlobalSection(ExtensibilityGlobals) = postSolution
		SolutionGuid = {E3B30AE2-66C1-4E9B-8F01-EF5E2E42B2AA}
	EndGlobalSection
EndGlobal
